
Microsoft Visual Studio Solution File, Format Version 10.00
# Visual Studio 2008
Project("{FAE04EC0-301F-11D3-BF4B-00C04F79EFBC}") = "《创意ABC EGLPABC082》", "《创意ABC EGLPABC082》\《创意ABC EGLPABC082》.csproj", "{605D7C66-4284-4656-A475-8A172F670104}"
EndProject
Project("{FAE04EC0-301F-11D3-BF4B-00C04F79EFBC}") = "《创意ABC EGLPABC082作业》", "《创意ABC EGLPABC082作业》\《创意ABC EGLPABC082作业》.csproj", "{28C4BB1D-C8BD-492A-BFCF-05FA2BD3BAE1}"
EndProject
Project("{FAE04EC0-301F-11D3-BF4B-00C04F79EFBC}") = "EGLPABC082_Test", "EGLPABC082_Test\EGLPABC082_Test.csproj", "{3D3531D7-57EF-4A5F-BA55-B9C4B3ADF881}"
EndProject
Project("{FAE04EC0-301F-11D3-BF4B-00C04F79EFBC}") = "EGLPABC082_UI", "EGLPABC082_UI\EGLPABC082_UI.csproj", "{1B1A2FA9-EEDD-4E25-B276-7DCE4AB02178}"
EndProject
Project("{FAE04EC0-301F-11D3-BF4B-00C04F79EFBC}") = "EGLPABC082_BT", "EGLPABC082_BT\EGLPABC082_BT.csproj", "{3D01A6E7-54C5-44FD-81C8-3239730E5196}"
EndProject
Project("{FAE04EC0-301F-11D3-BF4B-00C04F79EFBC}") = "EGLPABC082_Net", "EGLPABC082_Net\EGLPABC082_Net.csproj", "{9CC54C5E-C51B-49D0-BED2-002F5662A2F2}"
EndProject
Global
	GlobalSection(SolutionConfigurationPlatforms) = preSolution
		Debug|Any CPU = Debug|Any CPU
		Release|Any CPU = Release|Any CPU
	EndGlobalSection
	GlobalSection(ProjectConfigurationPlatforms) = postSolution
		{605D7C66-4284-4656-A475-8A172F670104}.Debug|Any CPU.ActiveCfg = Debug|Any CPU
		{605D7C66-4284-4656-A475-8A172F670104}.Debug|Any CPU.Build.0 = Debug|Any CPU
		{605D7C66-4284-4656-A475-8A172F670104}.Release|Any CPU.ActiveCfg = Release|Any CPU
		{605D7C66-4284-4656-A475-8A172F670104}.Release|Any CPU.Build.0 = Release|Any CPU
		{28C4BB1D-C8BD-492A-BFCF-05FA2BD3BAE1}.Debug|Any CPU.ActiveCfg = Debug|Any CPU
		{28C4BB1D-C8BD-492A-BFCF-05FA2BD3BAE1}.Debug|Any CPU.Build.0 = Debug|Any CPU
		{28C4BB1D-C8BD-492A-BFCF-05FA2BD3BAE1}.Release|Any CPU.ActiveCfg = Release|Any CPU
		{28C4BB1D-C8BD-492A-BFCF-05FA2BD3BAE1}.Release|Any CPU.Build.0 = Release|Any CPU
		{3D3531D7-57EF-4A5F-BA55-B9C4B3ADF881}.Debug|Any CPU.ActiveCfg = Debug|Any CPU
		{3D3531D7-57EF-4A5F-BA55-B9C4B3ADF881}.Debug|Any CPU.Build.0 = Debug|Any CPU
		{3D3531D7-57EF-4A5F-BA55-B9C4B3ADF881}.Release|Any CPU.ActiveCfg = Release|Any CPU
		{3D3531D7-57EF-4A5F-BA55-B9C4B3ADF881}.Release|Any CPU.Build.0 = Release|Any CPU
		{1B1A2FA9-EEDD-4E25-B276-7DCE4AB02178}.Debug|Any CPU.ActiveCfg = Debug|Any CPU
		{1B1A2FA9-EEDD-4E25-B276-7DCE4AB02178}.Debug|Any CPU.Build.0 = Debug|Any CPU
		{1B1A2FA9-EEDD-4E25-B276-7DCE4AB02178}.Release|Any CPU.ActiveCfg = Release|Any CPU
		{1B1A2FA9-EEDD-4E25-B276-7DCE4AB02178}.Release|Any CPU.Build.0 = Release|Any CPU
		{3D01A6E7-54C5-44FD-81C8-3239730E5196}.Debug|Any CPU.ActiveCfg = Debug|Any CPU
		{3D01A6E7-54C5-44FD-81C8-3239730E5196}.Debug|Any CPU.Build.0 = Debug|Any CPU
		{3D01A6E7-54C5-44FD-81C8-3239730E5196}.Release|Any CPU.ActiveCfg = Release|Any CPU
		{3D01A6E7-54C5-44FD-81C8-3239730E5196}.Release|Any CPU.Build.0 = Release|Any CPU
		{9CC54C5E-C51B-49D0-BED2-002F5662A2F2}.Debug|Any CPU.ActiveCfg = Debug|Any CPU
		{9CC54C5E-C51B-49D0-BED2-002F5662A2F2}.Debug|Any CPU.Build.0 = Debug|Any CPU
		{9CC54C5E-C51B-49D0-BED2-002F5662A2F2}.Release|Any CPU.ActiveCfg = Release|Any CPU
		{9CC54C5E-C51B-49D0-BED2-002F5662A2F2}.Release|Any CPU.Build.0 = Release|Any CPU
	EndGlobalSection
	GlobalSection(SolutionProperties) = preSolution
		HideSolutionNode = FALSE
	EndGlobalSection
EndGlobal
